<?xml version="1.0" encoding="utf-8"?>
<Project ToolsVersion="4.0" xmlns="http://schemas.microsoft.com/developer/msbuild/2003">
  <ItemGroup>
    <ClCompile Include="src\main.cpp" />
    <ClCompile Include="src\Camera.cpp" />
    <ClCompile Include="src\Transform.cpp" />
    <ClCompile Include="src\ImGUI\imgui.cpp" />
    <ClCompile Include="src\ImGUI\imgui_demo.cpp" />
    <ClCompile Include="src\ImGUI\imgui_draw.cpp" />
    <ClCompile Include="src\ImGUI\imgui_widgets.cpp" />
    <ClCompile Include="src\ImGUI\imgui_impl_glfw.cpp" />
    <ClCompile Include="src\ImGUI\imgui_impl_opengl3.cpp" />
    <ClCompile Include="src\Application\Input.cpp" />
    <ClCompile Include="src\Application\Window.cpp" />
    <ClCompile Include="src\ImGUI\ImGuiRenderer.cpp" />
    <ClCompile Include="src\Graphics\VertexBuffer.cpp" />
    <ClCompile Include="src\Graphics\VertexArray.cpp" />
    <ClCompile Include="src\Graphics\Texture.cpp" />
    <ClCompile Include="src\Graphics\Shader.cpp" />
    <ClCompile Include="src\Graphics\Material.cpp" />
    <ClCompile Include="src\Graphics\Renderer.cpp" />
    <ClCompile Include="src\Graphics\Mesh.cpp" />
    <ClCompile Include="src\Graphics\FrameBuffer.cpp" />
    <ClCompile Include="src\Time.cpp" />
    <ClCompile Include="src\Game\Planet.cpp" />
    <ClCompile Include="src\Game\PlanetSettings.cpp" />
    <ClCompile Include="src\MinMaxFloat.cpp" />
    <ClCompile Include="src\Graphics\CubeMap.cpp" />
    <ClCompile Include="src\Graphics\Light\DirectionalLight.cpp" />
    <ClCompile Include="src\Graphics\Light\PointLight.cpp" />
    <ClCompile Include="src\Graphics\Light\Light.cpp" />
  </ItemGroup>
  <ItemGroup>
    <ClInclude Include="src\Camera.h" />
    <ClInclude Include="src\Transform.h" />
    <ClInclude Include="src\ImGUI\imconfig.h" />
    <ClInclude Include="src\ImGUI\imgui.h" />
    <ClInclude Include="src\ImGUI\imgui_internal.h" />
    <ClInclude Include="src\ImGUI\imstb_rectpack.h" />
    <ClInclude Include="src\ImGUI\imstb_textedit.h" />
    <ClInclude Include="src\ImGUI\imstb_truetype.h" />
    <ClInclude Include="src\ImGUI\imgui_impl_opengl3.h" />
    <ClInclude Include="src\ImGUI\imgui_impl_glfw.h" />
    <ClInclude Include="src\Application\Input.h" />
    <ClInclude Include="src\Application\Window.h" />
    <ClInclude Include="src\ImGUI\ImGuiRenderer.h" />
    <ClInclude Include="src\Graphics\VertexBuffer.h" />
    <ClInclude Include="src\Graphics\VertexArray.h" />
    <ClInclude Include="src\Graphics\Texture.h" />
    <ClInclude Include="src\Graphics\Shader.h" />
    <ClInclude Include="src\Graphics\Renderer.h" />
    <ClInclude Include="src\Graphics\Material.h" />
    <ClInclude Include="src\Graphics\Mesh.h" />
    <ClInclude Include="src\Graphics\FrameBuffer.h" />
    <ClInclude Include="src\Time.h" />
    <ClInclude Include="src\Game\Planet.h" />
    <ClInclude Include="src\Game\PlanetSettings.h" />
    <ClInclude Include="src\MinMaxFloat.h" />
    <ClInclude Include="src\Graphics\CubeMap.h" />
    <ClInclude Include="src\Graphics\Light\DirectionalLight.h" />
    <ClInclude Include="src\Graphics\Light\PointLight.h" />
    <ClInclude Include="src\Graphics\Light\Light.h" />
  </ItemGroup>
</Project>